// !$*UTF8*$!
{
	archiveVersion = 1;
	classes = {
	};
	objectVersion = 56;
	objects = {

/* Begin PBXBuildFile section */
		817E4FA32B83721F00CBD284 /* MapAppApp.swift in Sources */ = {isa = PBXBuildFile; fileRef = 817E4FA22B83721F00CBD284 /* MapAppApp.swift */; };
		817E4FA72B83722000CBD284 /* Assets.xcassets in Resources */ = {isa = PBXBuildFile; fileRef = 817E4FA62B83722000CBD284 /* Assets.xcassets */; };
		817E4FAA2B83722000CBD284 /* Preview Assets.xcassets in Resources */ = {isa = PBXBuildFile; fileRef = 817E4FA92B83722000CBD284 /* Preview Assets.xcassets */; };
		817E4FB62B8379BF00CBD284 /* Location.swift in Sources */ = {isa = PBXBuildFile; fileRef = 817E4FB52B8379BF00CBD284 /* Location.swift */; };
		817E4FBB2B837B1100CBD284 /* LocationsDataService.swift in Sources */ = {isa = PBXBuildFile; fileRef = 817E4FBA2B837B1100CBD284 /* LocationsDataService.swift */; };
		817E4FBD2B8387BA00CBD284 /* LocationsView.swift in Sources */ = {isa = PBXBuildFile; fileRef = 817E4FBC2B8387BA00CBD284 /* LocationsView.swift */; };
		817E4FBF2B838D2400CBD284 /* LocationsViewModel.swift in Sources */ = {isa = PBXBuildFile; fileRef = 817E4FBE2B838D2400CBD284 /* LocationsViewModel.swift */; };
		817E4FC12B85DFE500CBD284 /* LocationsListView.swift in Sources */ = {isa = PBXBuildFile; fileRef = 817E4FC02B85DFE500CBD284 /* LocationsListView.swift */; };
		817E4FD22B874E3200CBD284 /* LocationPreviewView.swift in Sources */ = {isa = PBXBuildFile; fileRef = 817E4FD12B874E3200CBD284 /* LocationPreviewView.swift */; };
		817E4FD42B8768C100CBD284 /* LocationMapAnnotationView.swift in Sources */ = {isa = PBXBuildFile; fileRef = 817E4FD32B8768C100CBD284 /* LocationMapAnnotationView.swift */; };
		817E4FD62B877E5800CBD284 /* LocationDetailView.swift in Sources */ = {isa = PBXBuildFile; fileRef = 817E4FD52B877E5800CBD284 /* LocationDetailView.swift */; };
/* End PBXBuildFile section */

/* Begin PBXFileReference section */
		817E4F9F2B83721F00CBD284 /* MapApp.app */ = {isa = PBXFileReference; explicitFileType = wrapper.application; includeInIndex = 0; path = MapApp.app; sourceTree = BUILT_PRODUCTS_DIR; };
		817E4FA22B83721F00CBD284 /* MapAppApp.swift */ = {isa = PBXFileReference; lastKnownFileType = sourcecode.swift; path = MapAppApp.swift; sourceTree = "<group>"; };
		817E4FA62B83722000CBD284 /* Assets.xcassets */ = {isa = PBXFileReference; lastKnownFileType = folder.assetcatalog; path = Assets.xcassets; sourceTree = "<group>"; };
		817E4FA92B83722000CBD284 /* Preview Assets.xcassets */ = {isa = PBXFileReference; lastKnownFileType = folder.assetcatalog; path = "Preview Assets.xcassets"; sourceTree = "<group>"; };
		817E4FB52B8379BF00CBD284 /* Location.swift */ = {isa = PBXFileReference; lastKnownFileType = sourcecode.swift; path = Location.swift; sourceTree = "<group>"; };
		817E4FBA2B837B1100CBD284 /* LocationsDataService.swift */ = {isa = PBXFileReference; fileEncoding = 4; lastKnownFileType = sourcecode.swift; path = LocationsDataService.swift; sourceTree = "<group>"; };
		817E4FBC2B8387BA00CBD284 /* LocationsView.swift */ = {isa = PBXFileReference; lastKnownFileType = sourcecode.swift; path = LocationsView.swift; sourceTree = "<group>"; };
		817E4FBE2B838D2400CBD284 /* LocationsViewModel.swift */ = {isa = PBXFileReference; lastKnownFileType = sourcecode.swift; path = LocationsViewModel.swift; sourceTree = "<group>"; };
		817E4FC02B85DFE500CBD284 /* LocationsListView.swift */ = {isa = PBXFileReference; lastKnownFileType = sourcecode.swift; path = LocationsListView.swift; sourceTree = "<group>"; };
		817E4FD12B874E3200CBD284 /* LocationPreviewView.swift */ = {isa = PBXFileReference; lastKnownFileType = sourcecode.swift; path = LocationPreviewView.swift; sourceTree = "<group>"; };
		817E4FD32B8768C100CBD284 /* LocationMapAnnotationView.swift */ = {isa = PBXFileReference; lastKnownFileType = sourcecode.swift; path = LocationMapAnnotationView.swift; sourceTree = "<group>"; };
		817E4FD52B877E5800CBD284 /* LocationDetailView.swift */ = {isa = PBXFileReference; lastKnownFileType = sourcecode.swift; path = LocationDetailView.swift; sourceTree = "<group>"; };
/* End PBXFileReference section */

/* Begin PBXFrameworksBuildPhase section */
		817E4F9C2B83721F00CBD284 /* Frameworks */ = {
			isa = PBXFrameworksBuildPhase;
			buildActionMask = 2147483647;
			files = (
			);
			runOnlyForDeploymentPostprocessing = 0;
		};
/* End PBXFrameworksBuildPhase section */

/* Begin PBXGroup section */
		817E4F962B83721E00CBD284 = {
			isa = PBXGroup;
			children = (
				817E4FA12B83721F00CBD284 /* MapApp */,
				817E4FA02B83721F00CBD284 /* Products */,
			);
			sourceTree = "<group>";
		};
		817E4FA02B83721F00CBD284 /* Products */ = {
			isa = PBXGroup;
			children = (
				817E4F9F2B83721F00CBD284 /* MapApp.app */,
			);
			name = Products;
			sourceTree = "<group>";
		};
		817E4FA12B83721F00CBD284 /* MapApp */ = {
			isa = PBXGroup;
			children = (
				817E4FB72B837AAA00CBD284 /* DataServices */,
				817E4FB22B83796000CBD284 /* Models */,
				817E4FB42B83797E00CBD284 /* ViewModels */,
				817E4FB32B83796C00CBD284 /* Views */,
				817E4FA22B83721F00CBD284 /* MapAppApp.swift */,
				817E4FA62B83722000CBD284 /* Assets.xcassets */,
				817E4FA82B83722000CBD284 /* Preview Content */,
			);
			path = MapApp;
			sourceTree = "<group>";
		};
		817E4FA82B83722000CBD284 /* Preview Content */ = {
			isa = PBXGroup;
			children = (
				817E4FA92B83722000CBD284 /* Preview Assets.xcassets */,
			);
			path = "Preview Content";
			sourceTree = "<group>";
		};
		817E4FB22B83796000CBD284 /* Models */ = {
			isa = PBXGroup;
			children = (
				817E4FB52B8379BF00CBD284 /* Location.swift */,
			);
			path = Models;
			sourceTree = "<group>";
		};
		817E4FB32B83796C00CBD284 /* Views */ = {
			isa = PBXGroup;
			children = (
				817E4FBC2B8387BA00CBD284 /* LocationsView.swift */,
				817E4FC02B85DFE500CBD284 /* LocationsListView.swift */,
				817E4FD12B874E3200CBD284 /* LocationPreviewView.swift */,
				817E4FD32B8768C100CBD284 /* LocationMapAnnotationView.swift */,
				817E4FD52B877E5800CBD284 /* LocationDetailView.swift */,
			);
			path = Views;
			sourceTree = "<group>";
		};
		817E4FB42B83797E00CBD284 /* ViewModels */ = {
			isa = PBXGroup;
			children = (
				817E4FBE2B838D2400CBD284 /* LocationsViewModel.swift */,
			);
			path = ViewModels;
			sourceTree = "<group>";
		};
		817E4FB72B837AAA00CBD284 /* DataServices */ = {
			isa = PBXGroup;
			children = (
				817E4FBA2B837B1100CBD284 /* LocationsDataService.swift */,
			);
			path = DataServices;
			sourceTree = "<group>";
		};
/* End PBXGroup section */

/* Begin PBXNativeTarget section */
		817E4F9E2B83721F00CBD284 /* MapApp */ = {
			isa = PBXNativeTarget;
			buildConfigurationList = 817E4FAD2B83722000CBD284 /* Build configuration list for PBXNativeTarget "MapApp" */;
			buildPhases = (
				817E4F9B2B83721F00CBD284 /* Sources */,
				817E4F9C2B83721F00CBD284 /* Frameworks */,
				817E4F9D2B83721F00CBD284 /* Resources */,
			);
			buildRules = (
			);
			dependencies = (
			);
			name = MapApp;
			productName = MapApp;
			productReference = 817E4F9F2B83721F00CBD284 /* MapApp.app */;
			productType = "com.apple.product-type.application";
		};
/* End PBXNativeTarget section */

/* Begin PBXProject section */
		817E4F972B83721E00CBD284 /* Project object */ = {
			isa = PBXProject;
			attributes = {
				BuildIndependentTargetsInParallel = 1;
				LastSwiftUpdateCheck = 1520;
				LastUpgradeCheck = 1520;
				TargetAttributes = {
					817E4F9E2B83721F00CBD284 = {
						CreatedOnToolsVersion = 15.2;
					};
				};
			};
			buildConfigurationList = 817E4F9A2B83721E00CBD284 /* Build configuration list for PBXProject "MapApp" */;
			compatibilityVersion = "Xcode 14.0";
			developmentRegion = en;
			hasScannedForEncodings = 0;
			knownRegions = (
				en,
				Base,
			);
			mainGroup = 817E4F962B83721E00CBD284;
			productRefGroup = 817E4FA02B83721F00CBD284 /* Products */;
			projectDirPath = "";
			projectRoot = "";
			targets = (
				817E4F9E2B83721F00CBD284 /* MapApp */,
			);
		};
/* End PBXProject section */

/* Begin PBXResourcesBuildPhase section */
		817E4F9D2B83721F00CBD284 /* Resources */ = {
			isa = PBXResourcesBuildPhase;
			buildActionMask = 2147483647;
			files = (
				817E4FAA2B83722000CBD284 /* Preview Assets.xcassets in Resources */,
				817E4FA72B83722000CBD284 /* Assets.xcassets in Resources */,
			);
			runOnlyForDeploymentPostprocessing = 0;
		};
/* End PBXResourcesBuildPhase section */

/* Begin PBXSourcesBuildPhase section */
		817E4F9B2B83721F00CBD284 /* Sources */ = {
			isa = PBXSourcesBuildPhase;
			buildActionMask = 2147483647;
			files = (
				817E4FBB2B837B1100CBD284 /* LocationsDataService.swift in Sources */,
				817E4FBD2B8387BA00CBD284 /* LocationsView.swift in Sources */,
				817E4FD62B877E5800CBD284 /* LocationDetailView.swift in Sources */,
				817E4FA32B83721F00CBD284 /* MapAppApp.swift in Sources */,
				817E4FC12B85DFE500CBD284 /* LocationsListView.swift in Sources */,
				817E4FD22B874E3200CBD284 /* LocationPreviewView.swift in Sources */,
				817E4FB62B8379BF00CBD284 /* Location.swift in Sources */,
				817E4FBF2B838D2400CBD284 /* LocationsViewModel.swift in Sources */,
				817E4FD42B8768C100CBD284 /* LocationMapAnnotationView.swift in Sources */,
			);
			runOnlyForDeploymentPostprocessing = 0;
		};
/* End PBXSourcesBuildPhase section */

/* Begin XCBuildConfiguration section */
		817E4FAB2B83722000CBD284 /* Debug */ = {
			isa = XCBuildConfiguration;
			buildSettings = {
				ALWAYS_SEARCH_USER_PATHS = NO;
				ASSETCATALOG_COMPILER_GENERATE_SWIFT_ASSET_SYMBOL_EXTENSIONS = YES;
				CLANG_ANALYZER_NONNULL = YES;
				CLANG_ANALYZER_NUMBER_OBJECT_CONVERSION = YES_AGGRESSIVE;
				CLANG_CXX_LANGUAGE_STANDARD = "gnu++20";
				CLANG_ENABLE_MODULES = YES;
				CLANG_ENABLE_OBJC_ARC = YES;
				CLANG_ENABLE_OBJC_WEAK = YES;
				CLANG_WARN_BLOCK_CAPTURE_AUTORELEASING = YES;
				CLANG_WARN_BOOL_CONVERSION = YES;
				CLANG_WARN_COMMA = YES;
				CLANG_WARN_CONSTANT_CONVERSION = YES;
				CLANG_WARN_DEPRECATED_OBJC_IMPLEMENTATIONS = YES;
				CLANG_WARN_DIRECT_OBJC_ISA_USAGE = YES_ERROR;
				CLANG_WARN_DOCUMENTATION_COMMENTS = YES;
				CLANG_WARN_EMPTY_BODY = YES;
				CLANG_WARN_ENUM_CONVERSION = YES;
				CLANG_WARN_INFINITE_RECURSION = YES;
				CLANG_WARN_INT_CONVERSION = YES;
				CLANG_WARN_NON_LITERAL_NULL_CONVERSION = YES;
				CLANG_WARN_OBJC_IMPLICIT_RETAIN_SELF = YES;
				CLANG_WARN_OBJC_LITERAL_CONVERSION = YES;
				CLANG_WARN_OBJC_ROOT_CLASS = YES_ERROR;
				CLANG_WARN_QUOTED_INCLUDE_IN_FRAMEWORK_HEADER = YES;
				CLANG_WARN_RANGE_LOOP_ANALYSIS = YES;
				CLANG_WARN_STRICT_PROTOTYPES = YES;
				CLANG_WARN_SUSPICIOUS_MOVE = YES;
				CLANG_WARN_UNGUARDED_AVAILABILITY = YES_AGGRESSIVE;
				CLANG_WARN_UNREACHABLE_CODE = YES;
				CLANG_WARN__DUPLICATE_METHOD_MATCH = YES;
				COPY_PHASE_STRIP = NO;
				DEBUG_INFORMATION_FORMAT = dwarf;
				ENABLE_STRICT_OBJC_MSGSEND = YES;
				ENABLE_TESTABILITY = YES;
				ENABLE_USER_SCRIPT_SANDBOXING = YES;
				GCC_C_LANGUAGE_STANDARD = gnu17;
				GCC_DYNAMIC_NO_PIC = NO;
				GCC_NO_COMMON_BLOCKS = YES;
				GCC_OPTIMIZATION_LEVEL = 0;
				GCC_PREPROCESSOR_DEFINITIONS = (
					"DEBUG=1",
					"$(inherited)",
				);
				GCC_WARN_64_TO_32_BIT_CONVERSION = YES;
				GCC_WARN_ABOUT_RETURN_TYPE = YES_ERROR;
				GCC_WARN_UNDECLARED_SELECTOR = YES;
				GCC_WARN_UNINITIALIZED_AUTOS = YES_AGGRESSIVE;
				GCC_WARN_UNUSED_FUNCTION = YES;
				GCC_WARN_UNUSED_VARIABLE = YES;
				IPHONEOS_DEPLOYMENT_TARGET = 17.2;
				LOCALIZATION_PREFERS_STRING_CATALOGS = YES;
				MTL_ENABLE_DEBUG_INFO = INCLUDE_SOURCE;
				MTL_FAST_MATH = YES;
				ONLY_ACTIVE_ARCH = YES;
				SDKROOT = iphoneos;
				SWIFT_ACTIVE_COMPILATION_CONDITIONS = "DEBUG $(inherited)";
				SWIFT_OPTIMIZATION_LEVEL = "-Onone";
			};
			name = Debug;
		};
		817E4FAC2B83722000CBD284 /* Release */ = {
			isa = XCBuildConfiguration;
			buildSettings = {
				ALWAYS_SEARCH_USER_PATHS = NO;
				ASSETCATALOG_COMPILER_GENERATE_SWIFT_ASSET_SYMBOL_EXTENSIONS = YES;
				CLANG_ANALYZER_NONNULL = YES;
				CLANG_ANALYZER_NUMBER_OBJECT_CONVERSION = YES_AGGRESSIVE;
				CLANG_CXX_LANGUAGE_STANDARD = "gnu++20";
				CLANG_ENABLE_MODULES = YES;
				CLANG_ENABLE_OBJC_ARC = YES;
				CLANG_ENABLE_OBJC_WEAK = YES;
				CLANG_WARN_BLOCK_CAPTURE_AUTORELEASING = YES;
				CLANG_WARN_BOOL_CONVERSION = YES;
				CLANG_WARN_COMMA = YES;
				CLANG_WARN_CONSTANT_CONVERSION = YES;
				CLANG_WARN_DEPRECATED_OBJC_IMPLEMENTATIONS = YES;
				CLANG_WARN_DIRECT_OBJC_ISA_USAGE = YES_ERROR;
				CLANG_WARN_DOCUMENTATION_COMMENTS = YES;
				CLANG_WARN_EMPTY_BODY = YES;
				CLANG_WARN_ENUM_CONVERSION = YES;
				CLANG_WARN_INFINITE_RECURSION = YES;
				CLANG_WARN_INT_CONVERSION = YES;
				CLANG_WARN_NON_LITERAL_NULL_CONVERSION = YES;
				CLANG_WARN_OBJC_IMPLICIT_RETAIN_SELF = YES;
				CLANG_WARN_OBJC_LITERAL_CONVERSION = YES;
				CLANG_WARN_OBJC_ROOT_CLASS = YES_ERROR;
				CLANG_WARN_QUOTED_INCLUDE_IN_FRAMEWORK_HEADER = YES;
				CLANG_WARN_RANGE_LOOP_ANALYSIS = YES;
				CLANG_WARN_STRICT_PROTOTYPES = YES;
				CLANG_WARN_SUSPICIOUS_MOVE = YES;
				CLANG_WARN_UNGUARDED_AVAILABILITY = YES_AGGRESSIVE;
				CLANG_WARN_UNREACHABLE_CODE = YES;
				CLANG_WARN__DUPLICATE_METHOD_MATCH = YES;
				COPY_PHASE_STRIP = NO;
				DEBUG_INFORMATION_FORMAT = "dwarf-with-dsym";
				ENABLE_NS_ASSERTIONS = NO;
				ENABLE_STRICT_OBJC_MSGSEND = YES;
				ENABLE_USER_SCRIPT_SANDBOXING = YES;
				GCC_C_LANGUAGE_STANDARD = gnu17;
				GCC_NO_COMMON_BLOCKS = YES;
				GCC_WARN_64_TO_32_BIT_CONVERSION = YES;
				GCC_WARN_ABOUT_RETURN_TYPE = YES_ERROR;
				GCC_WARN_UNDECLARED_SELECTOR = YES;
				GCC_WARN_UNINITIALIZED_AUTOS = YES_AGGRESSIVE;
				GCC_WARN_UNUSED_FUNCTION = YES;
				GCC_WARN_UNUSED_VARIABLE = YES;
				IPHONEOS_DEPLOYMENT_TARGET = 17.2;
				LOCALIZATION_PREFERS_STRING_CATALOGS = YES;
				MTL_ENABLE_DEBUG_INFO = NO;
				MTL_FAST_MATH = YES;
				SDKROOT = iphoneos;
				SWIFT_COMPILATION_MODE = wholemodule;
				VALIDATE_PRODUCT = YES;
			};
			name = Release;
		};
		817E4FAE2B83722000CBD284 /* Debug */ = {
			isa = XCBuildConfiguration;
			buildSettings = {
				ASSETCATALOG_COMPILER_APPICON_NAME = AppIcon;
				ASSETCATALOG_COMPILER_GLOBAL_ACCENT_COLOR_NAME = AccentColor;
				CODE_SIGN_STYLE = Automatic;
				CURRENT_PROJECT_VERSION = 1;
				DEVELOPMENT_ASSET_PATHS = "\"MapApp/Preview Content\"";
				DEVELOPMENT_TEAM = J6WDBVB643;
				ENABLE_PREVIEWS = YES;
				GENERATE_INFOPLIST_FILE = YES;
				INFOPLIST_KEY_UIApplicationSceneManifest_Generation = YES;
				INFOPLIST_KEY_UIApplicationSupportsIndirectInputEvents = YES;
				INFOPLIST_KEY_UILaunchScreen_Generation = YES;
				INFOPLIST_KEY_UISupportedInterfaceOrientations_iPad = "UIInterfaceOrientationPortrait UIInterfaceOrientationPortraitUpsideDown UIInterfaceOrientationLandscapeLeft UIInterfaceOrientationLandscapeRight";
				INFOPLIST_KEY_UISupportedInterfaceOrientations_iPhone = "UIInterfaceOrientationPortrait UIInterfaceOrientationLandscapeLeft UIInterfaceOrientationLandscapeRight";
				LD_RUNPATH_SEARCH_PATHS = (
					"$(inherited)",
					"@executable_path/Frameworks",
				);
				MARKETING_VERSION = 1.0;
				PRODUCT_BUNDLE_IDENTIFIER = com.sametcagriaktepe.MapApp;
				PRODUCT_NAME = "$(TARGET_NAME)";
				SWIFT_EMIT_LOC_STRINGS = YES;
				SWIFT_VERSION = 5.0;
				TARGETED_DEVICE_FAMILY = "1,2";
			};
			name = Debug;
		};
		817E4FAF2B83722000CBD284 /* Release */ = {
			isa = XCBuildConfiguration;
			buildSettings = {
				ASSETCATALOG_COMPILER_APPICON_NAME = AppIcon;
				ASSETCATALOG_COMPILER_GLOBAL_ACCENT_COLOR_NAME = AccentColor;
				CODE_SIGN_STYLE = Automatic;
				CURRENT_PROJECT_VERSION = 1;
				DEVELOPMENT_ASSET_PATHS = "\"MapApp/Preview Content\"";
				DEVELOPMENT_TEAM = J6WDBVB643;
				ENABLE_PREVIEWS = YES;
				GENERATE_INFOPLIST_FILE = YES;
				INFOPLIST_KEY_UIApplicationSceneManifest_Generation = YES;
				INFOPLIST_KEY_UIApplicationSupportsIndirectInputEvents = YES;
				INFOPLIST_KEY_UILaunchScreen_Generation = YES;
				INFOPLIST_KEY_UISupportedInterfaceOrientations_iPad = "UIInterfaceOrientationPortrait UIInterfaceOrientationPortraitUpsideDown UIInterfaceOrientationLandscapeLeft UIInterfaceOrientationLandscapeRight";
				INFOPLIST_KEY_UISupportedInterfaceOrientations_iPhone = "UIInterfaceOrientationPortrait UIInterfaceOrientationLandscapeLeft UIInterfaceOrientationLandscapeRight";
				LD_RUNPATH_SEARCH_PATHS = (
					"$(inherited)",
					"@executable_path/Frameworks",
				);
				MARKETING_VERSION = 1.0;
				PRODUCT_BUNDLE_IDENTIFIER = com.sametcagriaktepe.MapApp;
				PRODUCT_NAME = "$(TARGET_NAME)";
				SWIFT_EMIT_LOC_STRINGS = YES;
				SWIFT_VERSION = 5.0;
				TARGETED_DEVICE_FAMILY = "1,2";
			};
			name = Release;
		};
/* End XCBuildConfiguration section */

/* Begin XCConfigurationList section */
		817E4F9A2B83721E00CBD284 /* Build configuration list for PBXProject "MapApp" */ = {
			isa = XCConfigurationList;
			buildConfigurations = (
				817E4FAB2B83722000CBD284 /* Debug */,
				817E4FAC2B83722000CBD284 /* Release */,
			);
			defaultConfigurationIsVisible = 0;
			defaultConfigurationName = Release;
		};
		817E4FAD2B83722000CBD284 /* Build configuration list for PBXNativeTarget "MapApp" */ = {
			isa = XCConfigurationList;
			buildConfigurations = (
				817E4FAE2B83722000CBD284 /* Debug */,
				817E4FAF2B83722000CBD284 /* Release */,
			);
			defaultConfigurationIsVisible = 0;
			defaultConfigurationName = Release;
		};
/* End XCConfigurationList section */
	};
	rootObject = 817E4F972B83721E00CBD284 /* Project object */;
}
